
Microsoft Visual Studio Solution File, Format Version 12.00
# Visual Studio 14
VisualStudioVersion = 14.0.25420.1
MinimumVisualStudioVersion = 10.0.40219.1
Project("{FAE04EC0-301F-11D3-BF4B-00C04F79EFBC}") = "ImageMicro.Model", "ImageMicro.Model\ImageMicro.Model.csproj", "{13243B72-4CDC-42EF-BD40-13EB059FB1E3}"
EndProject
Project("{FAE04EC0-301F-11D3-BF4B-00C04F79EFBC}") = "ImageMicro.DAL", "ImageMicro.DAL\ImageMicro.DAL.csproj", "{DEE958FD-2C5C-40A9-8F18-1FDA18FC7D6B}"
EndProject
Project("{FAE04EC0-301F-11D3-BF4B-00C04F79EFBC}") = "ImageMicro.Repository", "ImageMicro.Repository\ImageMicro.Repository.csproj", "{B69423D1-73C5-46A9-962D-1CB2C93955FB}"
EndProject
Project("{FAE04EC0-301F-11D3-BF4B-00C04F79EFBC}") = "ImageMicro.Service", "ImageMicro.Service\ImageMicro.Service.csproj", "{4C0E6E9D-CFF8-425E-84F8-EDC3F471E1B5}"
EndProject
Project("{FAE04EC0-301F-11D3-BF4B-00C04F79EFBC}") = "ImageMicro.API", "ImageMicro.API\ImageMicro.API.csproj", "{C7D77AE7-6833-48C0-8CAD-5D77DB13F688}"
EndProject
Global
	GlobalSection(SolutionConfigurationPlatforms) = preSolution
		Debug|Any CPU = Debug|Any CPU
		Release|Any CPU = Release|Any CPU
	EndGlobalSection
	GlobalSection(ProjectConfigurationPlatforms) = postSolution
		{13243B72-4CDC-42EF-BD40-13EB059FB1E3}.Debug|Any CPU.ActiveCfg = Debug|Any CPU
		{13243B72-4CDC-42EF-BD40-13EB059FB1E3}.Debug|Any CPU.Build.0 = Debug|Any CPU
		{13243B72-4CDC-42EF-BD40-13EB059FB1E3}.Release|Any CPU.ActiveCfg = Release|Any CPU
		{13243B72-4CDC-42EF-BD40-13EB059FB1E3}.Release|Any CPU.Build.0 = Release|Any CPU
		{DEE958FD-2C5C-40A9-8F18-1FDA18FC7D6B}.Debug|Any CPU.ActiveCfg = Debug|Any CPU
		{DEE958FD-2C5C-40A9-8F18-1FDA18FC7D6B}.Debug|Any CPU.Build.0 = Debug|Any CPU
		{DEE958FD-2C5C-40A9-8F18-1FDA18FC7D6B}.Release|Any CPU.ActiveCfg = Release|Any CPU
		{DEE958FD-2C5C-40A9-8F18-1FDA18FC7D6B}.Release|Any CPU.Build.0 = Release|Any CPU
		{B69423D1-73C5-46A9-962D-1CB2C93955FB}.Debug|Any CPU.ActiveCfg = Debug|Any CPU
		{B69423D1-73C5-46A9-962D-1CB2C93955FB}.Debug|Any CPU.Build.0 = Debug|Any CPU
		{B69423D1-73C5-46A9-962D-1CB2C93955FB}.Release|Any CPU.ActiveCfg = Release|Any CPU
		{B69423D1-73C5-46A9-962D-1CB2C93955FB}.Release|Any CPU.Build.0 = Release|Any CPU
		{4C0E6E9D-CFF8-425E-84F8-EDC3F471E1B5}.Debug|Any CPU.ActiveCfg = Debug|Any CPU
		{4C0E6E9D-CFF8-425E-84F8-EDC3F471E1B5}.Debug|Any CPU.Build.0 = Debug|Any CPU
		{4C0E6E9D-CFF8-425E-84F8-EDC3F471E1B5}.Release|Any CPU.ActiveCfg = Release|Any CPU
		{4C0E6E9D-CFF8-425E-84F8-EDC3F471E1B5}.Release|Any CPU.Build.0 = Release|Any CPU
		{C7D77AE7-6833-48C0-8CAD-5D77DB13F688}.Debug|Any CPU.ActiveCfg = Debug|Any CPU
		{C7D77AE7-6833-48C0-8CAD-5D77DB13F688}.Debug|Any CPU.Build.0 = Debug|Any CPU
		{C7D77AE7-6833-48C0-8CAD-5D77DB13F688}.Release|Any CPU.ActiveCfg = Release|Any CPU
		{C7D77AE7-6833-48C0-8CAD-5D77DB13F688}.Release|Any CPU.Build.0 = Release|Any CPU
	EndGlobalSection
	GlobalSection(SolutionProperties) = preSolution
		HideSolutionNode = FALSE
	EndGlobalSection
EndGlobal
